
Microsoft Visual Studio Solution File, Format Version 12.00
# Visual Studio Version 16
VisualStudioVersion = 16.0.29102.190
MinimumVisualStudioVersion = 10.0.40219.1
Project("{8BC9CEB8-8B4A-11D0-8D11-00A0C91BC942}") = "tetris", "tetris\tetris.vcxproj", "{F6C78D9D-5550-4D4C-9F97-359675DFA4A0}"
EndProject
Global
	GlobalSection(SolutionConfigurationPlatforms) = preSolution
		Debug|x64 = Debug|x64
		Debug|x86 = Debug|x86
		Release|x64 = Release|x64
		Release|x86 = Release|x86
	EndGlobalSection
	GlobalSection(ProjectConfigurationPlatforms) = postSolution
		{F6C78D9D-5550-4D4C-9F97-359675DFA4A0}.Debug|x64.ActiveCfg = Debug|x64
		{F6C78D9D-5550-4D4C-9F97-359675DFA4A0}.Debug|x64.Build.0 = Debug|x64
		{F6C78D9D-5550-4D4C-9F97-359675DFA4A0}.Debug|x86.ActiveCfg = Debug|Win32
		{F6C78D9D-5550-4D4C-9F97-359675DFA4A0}.Debug|x86.Build.0 = Debug|Win32
		{F6C78D9D-5550-4D4C-9F97-359675DFA4A0}.Release|x64.ActiveCfg = Release|x64
		{F6C78D9D-5550-4D4C-9F97-359675DFA4A0}.Release|x64.Build.0 = Release|x64
		{F6C78D9D-5550-4D4C-9F97-359675DFA4A0}.Release|x86.ActiveCfg = Release|Win32
		{F6C78D9D-5550-4D4C-9F97-359675DFA4A0}.Release|x86.Build.0 = Release|Win32
	EndGlobalSection
	GlobalSection(SolutionProperties) = preSolution
		HideSolutionNode = FALSE
	EndGlobalSection
	GlobalSection(ExtensibilityGlobals) = postSolution
		SolutionGuid = {8B80F06F-C440-4B9D-BEFB-CD4DF7238C9E}
	EndGlobalSection
EndGlobal
