
Microsoft Visual Studio Solution File, Format Version 12.00
# Visual Studio Version 16
VisualStudioVersion = 16.0.29102.190
MinimumVisualStudioVersion = 10.0.40219.1
Project("{8BC9CEB8-8B4A-11D0-8D11-00A0C91BC942}") = "Colour_Console", "Colour_Console\Colour_Console.vcxproj", "{C65D3F79-B39C-4B32-84EA-1213D9E4C7C9}"
EndProject
Global
	GlobalSection(SolutionConfigurationPlatforms) = preSolution
		Debug|x64 = Debug|x64
		Debug|x86 = Debug|x86
		Release|x64 = Release|x64
		Release|x86 = Release|x86
	EndGlobalSection
	GlobalSection(ProjectConfigurationPlatforms) = postSolution
		{C65D3F79-B39C-4B32-84EA-1213D9E4C7C9}.Debug|x64.ActiveCfg = Debug|x64
		{C65D3F79-B39C-4B32-84EA-1213D9E4C7C9}.Debug|x64.Build.0 = Debug|x64
		{C65D3F79-B39C-4B32-84EA-1213D9E4C7C9}.Debug|x86.ActiveCfg = Debug|Win32
		{C65D3F79-B39C-4B32-84EA-1213D9E4C7C9}.Debug|x86.Build.0 = Debug|Win32
		{C65D3F79-B39C-4B32-84EA-1213D9E4C7C9}.Release|x64.ActiveCfg = Release|x64
		{C65D3F79-B39C-4B32-84EA-1213D9E4C7C9}.Release|x64.Build.0 = Release|x64
		{C65D3F79-B39C-4B32-84EA-1213D9E4C7C9}.Release|x86.ActiveCfg = Release|Win32
		{C65D3F79-B39C-4B32-84EA-1213D9E4C7C9}.Release|x86.Build.0 = Release|Win32
	EndGlobalSection
	GlobalSection(SolutionProperties) = preSolution
		HideSolutionNode = FALSE
	EndGlobalSection
	GlobalSection(ExtensibilityGlobals) = postSolution
		SolutionGuid = {34C2A6CE-32B5-4438-BF27-68F79B00E518}
	EndGlobalSection
EndGlobal
